
Microsoft Visual Studio Solution File, Format Version 12.00
# Visual Studio Version 17
VisualStudioVersion = 17.2.32630.192
MinimumVisualStudioVersion = 10.0.40219.1
Project("{9A19103F-16F7-4668-BE54-9A1E7A4F7556}") = "IOITWebApp31", "IOITWebApp31\IOITWebApp31.csproj", "{303A9FC0-574C-41FE-B38B-AF7F3D883A2C}"
EndProject
Global
	GlobalSection(SolutionConfigurationPlatforms) = preSolution
		Debug|Any CPU = Debug|Any CPU
		Release|Any CPU = Release|Any CPU
	EndGlobalSection
	GlobalSection(ProjectConfigurationPlatforms) = postSolution
		{303A9FC0-574C-41FE-B38B-AF7F3D883A2C}.Debug|Any CPU.ActiveCfg = Debug|Any CPU
		{303A9FC0-574C-41FE-B38B-AF7F3D883A2C}.Debug|Any CPU.Build.0 = Debug|Any CPU
		{303A9FC0-574C-41FE-B38B-AF7F3D883A2C}.Release|Any CPU.ActiveCfg = Release|Any CPU
		{303A9FC0-574C-41FE-B38B-AF7F3D883A2C}.Release|Any CPU.Build.0 = Release|Any CPU
	EndGlobalSection
	GlobalSection(SolutionProperties) = preSolution
		HideSolutionNode = FALSE
	EndGlobalSection
	GlobalSection(ExtensibilityGlobals) = postSolution
		SolutionGuid = {BE28DE0E-ADFB-408C-AF37-56EDD0661036}
	EndGlobalSection
EndGlobal
